
Microsoft Visual Studio Solution File, Format Version 12.00
# Visual Studio Version 17
VisualStudioVersion = 17.9.34616.47
MinimumVisualStudioVersion = 10.0.40219.1
Project("{FAE04EC0-301F-11D3-BF4B-00C04F79EFBC}") = "Cpp_app_224", "Cpp_app_224.csproj", "{FF41186A-BDC2-44BD-8BEB-D54A089DA275}"
EndProject
Project("{FAE04EC0-301F-11D3-BF4B-00C04F79EFBC}") = "Classes", "Classes\Classes.csproj", "{AE0B8438-4557-46ED-98CA-037B35023A33}"
EndProject
Global
	GlobalSection(SolutionConfigurationPlatforms) = preSolution
		Debug|Any CPU = Debug|Any CPU
		Release|Any CPU = Release|Any CPU
	EndGlobalSection
	GlobalSection(ProjectConfigurationPlatforms) = postSolution
		{FF41186A-BDC2-44BD-8BEB-D54A089DA275}.Debug|Any CPU.ActiveCfg = Debug|Any CPU
		{FF41186A-BDC2-44BD-8BEB-D54A089DA275}.Debug|Any CPU.Build.0 = Debug|Any CPU
		{FF41186A-BDC2-44BD-8BEB-D54A089DA275}.Release|Any CPU.ActiveCfg = Release|Any CPU
		{FF41186A-BDC2-44BD-8BEB-D54A089DA275}.Release|Any CPU.Build.0 = Release|Any CPU
		{AE0B8438-4557-46ED-98CA-037B35023A33}.Debug|Any CPU.ActiveCfg = Debug|Any CPU
		{AE0B8438-4557-46ED-98CA-037B35023A33}.Debug|Any CPU.Build.0 = Debug|Any CPU
		{AE0B8438-4557-46ED-98CA-037B35023A33}.Release|Any CPU.ActiveCfg = Release|Any CPU
		{AE0B8438-4557-46ED-98CA-037B35023A33}.Release|Any CPU.Build.0 = Release|Any CPU
	EndGlobalSection
	GlobalSection(SolutionProperties) = preSolution
		HideSolutionNode = FALSE
	EndGlobalSection
	GlobalSection(ExtensibilityGlobals) = postSolution
		SolutionGuid = {EE6E205B-6371-408B-AEFA-BFB1DE5D7CDD}
	EndGlobalSection
EndGlobal
